// !$*UTF8*$!
{
	archiveVersion = 1;
	classes = {
	};
	objectVersion = 56;
	objects = {

/* Begin PBXBuildFile section */
		E12125F52C27257400D14B3C /* PlaygroundSwiftUIApp.swift in Sources */ = {isa = PBXBuildFile; fileRef = E12125F42C27257400D14B3C /* PlaygroundSwiftUIApp.swift */; };
		E12125F72C27257400D14B3C /* ContentView.swift in Sources */ = {isa = PBXBuildFile; fileRef = E12125F62C27257400D14B3C /* ContentView.swift */; };
		E12125F92C27257500D14B3C /* Assets.xcassets in Resources */ = {isa = PBXBuildFile; fileRef = E12125F82C27257500D14B3C /* Assets.xcassets */; };
		E12125FC2C27257500D14B3C /* Preview Assets.xcassets in Resources */ = {isa = PBXBuildFile; fileRef = E12125FB2C27257500D14B3C /* Preview Assets.xcassets */; };
		E12126062C27257500D14B3C /* PlaygroundSwiftUITests.swift in Sources */ = {isa = PBXBuildFile; fileRef = E12126052C27257500D14B3C /* PlaygroundSwiftUITests.swift */; };
		E12126102C27257500D14B3C /* PlaygroundSwiftUIUITests.swift in Sources */ = {isa = PBXBuildFile; fileRef = E121260F2C27257500D14B3C /* PlaygroundSwiftUIUITests.swift */; };
		E12126122C27257500D14B3C /* PlaygroundSwiftUIUITestsLaunchTests.swift in Sources */ = {isa = PBXBuildFile; fileRef = E12126112C27257500D14B3C /* PlaygroundSwiftUIUITestsLaunchTests.swift */; };
		E155A3282C3FB10400CA42F1 /* CustomTextTestView.swift in Sources */ = {isa = PBXBuildFile; fileRef = E155A3272C3FB10400CA42F1 /* CustomTextTestView.swift */; };
		E16F0D122C3E5C66006478C2 /* BookShapeTestView.swift in Sources */ = {isa = PBXBuildFile; fileRef = E16F0D112C3E5C66006478C2 /* BookShapeTestView.swift */; };
		E197A9E42C6081AC0010C1D3 /* BoundingBoxTestView.swift in Sources */ = {isa = PBXBuildFile; fileRef = E197A9E32C6081AC0010C1D3 /* BoundingBoxTestView.swift */; };
		E197A9E72C60A34D0010C1D3 /* BoundingBox.swift in Sources */ = {isa = PBXBuildFile; fileRef = E197A9E62C60A34D0010C1D3 /* BoundingBox.swift */; };
		E197A9E92C60A3890010C1D3 /* EditFormType.swift in Sources */ = {isa = PBXBuildFile; fileRef = E197A9E82C60A3890010C1D3 /* EditFormType.swift */; };
		E197A9EC2C60A3E90010C1D3 /* EditPointsFramedRectangle.swift in Sources */ = {isa = PBXBuildFile; fileRef = E197A9EB2C60A3E90010C1D3 /* EditPointsFramedRectangle.swift */; };
		E197A9EE2C60A42B0010C1D3 /* MovingDashFramedRectangle.swift in Sources */ = {isa = PBXBuildFile; fileRef = E197A9ED2C60A42B0010C1D3 /* MovingDashFramedRectangle.swift */; };
		E197A9F12C60A4870010C1D3 /* EditPoint.swift in Sources */ = {isa = PBXBuildFile; fileRef = E197A9F02C60A4870010C1D3 /* EditPoint.swift */; };
		E197A9F32C60A49F0010C1D3 /* EditPointMark.swift in Sources */ = {isa = PBXBuildFile; fileRef = E197A9F22C60A49F0010C1D3 /* EditPointMark.swift */; };
		E197A9F62C60A4C70010C1D3 /* EditPointFrame.swift in Sources */ = {isa = PBXBuildFile; fileRef = E197A9F52C60A4C70010C1D3 /* EditPointFrame.swift */; };
		E197A9F82C60A4E00010C1D3 /* EditPointPosition.swift in Sources */ = {isa = PBXBuildFile; fileRef = E197A9F72C60A4DF0010C1D3 /* EditPointPosition.swift */; };
		E197A9FA2C60A4F90010C1D3 /* EditPointScaling.swift in Sources */ = {isa = PBXBuildFile; fileRef = E197A9F92C60A4F90010C1D3 /* EditPointScaling.swift */; };
		E197A9FD2C60A5670010C1D3 /* View+Extension.swift in Sources */ = {isa = PBXBuildFile; fileRef = E197A9FC2C60A5670010C1D3 /* View+Extension.swift */; };
		E1F430142C27261F00ECB73E /* NavigationUtil.swift in Sources */ = {isa = PBXBuildFile; fileRef = E1F430132C27261F00ECB73E /* NavigationUtil.swift */; };
		E1F430172C27271400ECB73E /* MatchedGeometryEffectTestView.swift in Sources */ = {isa = PBXBuildFile; fileRef = E1F430162C27271400ECB73E /* MatchedGeometryEffectTestView.swift */; };
/* End PBXBuildFile section */

/* Begin PBXContainerItemProxy section */
		E12126022C27257500D14B3C /* PBXContainerItemProxy */ = {
			isa = PBXContainerItemProxy;
			containerPortal = E12125E92C27257400D14B3C /* Project object */;
			proxyType = 1;
			remoteGlobalIDString = E12125F02C27257400D14B3C;
			remoteInfo = PlaygroundSwiftUI;
		};
		E121260C2C27257500D14B3C /* PBXContainerItemProxy */ = {
			isa = PBXContainerItemProxy;
			containerPortal = E12125E92C27257400D14B3C /* Project object */;
			proxyType = 1;
			remoteGlobalIDString = E12125F02C27257400D14B3C;
			remoteInfo = PlaygroundSwiftUI;
		};
/* End PBXContainerItemProxy section */

/* Begin PBXFileReference section */
		E12125F12C27257400D14B3C /* PlaygroundSwiftUI.app */ = {isa = PBXFileReference; explicitFileType = wrapper.application; includeInIndex = 0; path = PlaygroundSwiftUI.app; sourceTree = BUILT_PRODUCTS_DIR; };
		E12125F42C27257400D14B3C /* PlaygroundSwiftUIApp.swift */ = {isa = PBXFileReference; lastKnownFileType = sourcecode.swift; path = PlaygroundSwiftUIApp.swift; sourceTree = "<group>"; };
		E12125F62C27257400D14B3C /* ContentView.swift */ = {isa = PBXFileReference; lastKnownFileType = sourcecode.swift; path = ContentView.swift; sourceTree = "<group>"; };
		E12125F82C27257500D14B3C /* Assets.xcassets */ = {isa = PBXFileReference; lastKnownFileType = folder.assetcatalog; path = Assets.xcassets; sourceTree = "<group>"; };
		E12125FB2C27257500D14B3C /* Preview Assets.xcassets */ = {isa = PBXFileReference; lastKnownFileType = folder.assetcatalog; path = "Preview Assets.xcassets"; sourceTree = "<group>"; };
		E12126012C27257500D14B3C /* PlaygroundSwiftUITests.xctest */ = {isa = PBXFileReference; explicitFileType = wrapper.cfbundle; includeInIndex = 0; path = PlaygroundSwiftUITests.xctest; sourceTree = BUILT_PRODUCTS_DIR; };
		E12126052C27257500D14B3C /* PlaygroundSwiftUITests.swift */ = {isa = PBXFileReference; lastKnownFileType = sourcecode.swift; path = PlaygroundSwiftUITests.swift; sourceTree = "<group>"; };
		E121260B2C27257500D14B3C /* PlaygroundSwiftUIUITests.xctest */ = {isa = PBXFileReference; explicitFileType = wrapper.cfbundle; includeInIndex = 0; path = PlaygroundSwiftUIUITests.xctest; sourceTree = BUILT_PRODUCTS_DIR; };
		E121260F2C27257500D14B3C /* PlaygroundSwiftUIUITests.swift */ = {isa = PBXFileReference; lastKnownFileType = sourcecode.swift; path = PlaygroundSwiftUIUITests.swift; sourceTree = "<group>"; };
		E12126112C27257500D14B3C /* PlaygroundSwiftUIUITestsLaunchTests.swift */ = {isa = PBXFileReference; lastKnownFileType = sourcecode.swift; path = PlaygroundSwiftUIUITestsLaunchTests.swift; sourceTree = "<group>"; };
		E155A3272C3FB10400CA42F1 /* CustomTextTestView.swift */ = {isa = PBXFileReference; lastKnownFileType = sourcecode.swift; path = CustomTextTestView.swift; sourceTree = "<group>"; };
		E16F0D112C3E5C66006478C2 /* BookShapeTestView.swift */ = {isa = PBXFileReference; lastKnownFileType = sourcecode.swift; path = BookShapeTestView.swift; sourceTree = "<group>"; };
		E197A9E32C6081AC0010C1D3 /* BoundingBoxTestView.swift */ = {isa = PBXFileReference; lastKnownFileType = sourcecode.swift; path = BoundingBoxTestView.swift; sourceTree = "<group>"; };
		E197A9E62C60A34D0010C1D3 /* BoundingBox.swift */ = {isa = PBXFileReference; lastKnownFileType = sourcecode.swift; path = BoundingBox.swift; sourceTree = "<group>"; };
		E197A9E82C60A3890010C1D3 /* EditFormType.swift */ = {isa = PBXFileReference; lastKnownFileType = sourcecode.swift; path = EditFormType.swift; sourceTree = "<group>"; };
		E197A9EB2C60A3E90010C1D3 /* EditPointsFramedRectangle.swift */ = {isa = PBXFileReference; lastKnownFileType = sourcecode.swift; path = EditPointsFramedRectangle.swift; sourceTree = "<group>"; };
		E197A9ED2C60A42B0010C1D3 /* MovingDashFramedRectangle.swift */ = {isa = PBXFileReference; lastKnownFileType = sourcecode.swift; path = MovingDashFramedRectangle.swift; sourceTree = "<group>"; };
		E197A9F02C60A4870010C1D3 /* EditPoint.swift */ = {isa = PBXFileReference; lastKnownFileType = sourcecode.swift; path = EditPoint.swift; sourceTree = "<group>"; };
		E197A9F22C60A49F0010C1D3 /* EditPointMark.swift */ = {isa = PBXFileReference; lastKnownFileType = sourcecode.swift; path = EditPointMark.swift; sourceTree = "<group>"; };
		E197A9F52C60A4C70010C1D3 /* EditPointFrame.swift */ = {isa = PBXFileReference; lastKnownFileType = sourcecode.swift; path = EditPointFrame.swift; sourceTree = "<group>"; };
		E197A9F72C60A4DF0010C1D3 /* EditPointPosition.swift */ = {isa = PBXFileReference; lastKnownFileType = sourcecode.swift; path = EditPointPosition.swift; sourceTree = "<group>"; };
		E197A9F92C60A4F90010C1D3 /* EditPointScaling.swift */ = {isa = PBXFileReference; lastKnownFileType = sourcecode.swift; path = EditPointScaling.swift; sourceTree = "<group>"; };
		E197A9FC2C60A5670010C1D3 /* View+Extension.swift */ = {isa = PBXFileReference; lastKnownFileType = sourcecode.swift; path = "View+Extension.swift"; sourceTree = "<group>"; };
		E1F430132C27261F00ECB73E /* NavigationUtil.swift */ = {isa = PBXFileReference; lastKnownFileType = sourcecode.swift; path = NavigationUtil.swift; sourceTree = "<group>"; };
		E1F430162C27271400ECB73E /* MatchedGeometryEffectTestView.swift */ = {isa = PBXFileReference; lastKnownFileType = sourcecode.swift; path = MatchedGeometryEffectTestView.swift; sourceTree = "<group>"; };
/* End PBXFileReference section */

/* Begin PBXFrameworksBuildPhase section */
		E12125EE2C27257400D14B3C /* Frameworks */ = {
			isa = PBXFrameworksBuildPhase;
			buildActionMask = 2147483647;
			files = (
			);
			runOnlyForDeploymentPostprocessing = 0;
		};
		E12125FE2C27257500D14B3C /* Frameworks */ = {
			isa = PBXFrameworksBuildPhase;
			buildActionMask = 2147483647;
			files = (
			);
			runOnlyForDeploymentPostprocessing = 0;
		};
		E12126082C27257500D14B3C /* Frameworks */ = {
			isa = PBXFrameworksBuildPhase;
			buildActionMask = 2147483647;
			files = (
			);
			runOnlyForDeploymentPostprocessing = 0;
		};
/* End PBXFrameworksBuildPhase section */

/* Begin PBXGroup section */
		E12125E82C27257400D14B3C = {
			isa = PBXGroup;
			children = (
				E12125F32C27257400D14B3C /* PlaygroundSwiftUI */,
				E12126042C27257500D14B3C /* PlaygroundSwiftUITests */,
				E121260E2C27257500D14B3C /* PlaygroundSwiftUIUITests */,
				E12125F22C27257400D14B3C /* Products */,
			);
			sourceTree = "<group>";
		};
		E12125F22C27257400D14B3C /* Products */ = {
			isa = PBXGroup;
			children = (
				E12125F12C27257400D14B3C /* PlaygroundSwiftUI.app */,
				E12126012C27257500D14B3C /* PlaygroundSwiftUITests.xctest */,
				E121260B2C27257500D14B3C /* PlaygroundSwiftUIUITests.xctest */,
			);
			name = Products;
			sourceTree = "<group>";
		};
		E12125F32C27257400D14B3C /* PlaygroundSwiftUI */ = {
			isa = PBXGroup;
			children = (
				E12125F62C27257400D14B3C /* ContentView.swift */,
				E12125F42C27257400D14B3C /* PlaygroundSwiftUIApp.swift */,
				E12125F82C27257500D14B3C /* Assets.xcassets */,
				E197A9FB2C60A5490010C1D3 /* Extensions */,
				E12125FA2C27257500D14B3C /* Preview Content */,
				E1F430122C27261000ECB73E /* Utils */,
				E1F430152C2726EF00ECB73E /* Views */,
			);
			path = PlaygroundSwiftUI;
			sourceTree = "<group>";
		};
		E12125FA2C27257500D14B3C /* Preview Content */ = {
			isa = PBXGroup;
			children = (
				E12125FB2C27257500D14B3C /* Preview Assets.xcassets */,
			);
			path = "Preview Content";
			sourceTree = "<group>";
		};
		E12126042C27257500D14B3C /* PlaygroundSwiftUITests */ = {
			isa = PBXGroup;
			children = (
				E12126052C27257500D14B3C /* PlaygroundSwiftUITests.swift */,
			);
			path = PlaygroundSwiftUITests;
			sourceTree = "<group>";
		};
		E121260E2C27257500D14B3C /* PlaygroundSwiftUIUITests */ = {
			isa = PBXGroup;
			children = (
				E121260F2C27257500D14B3C /* PlaygroundSwiftUIUITests.swift */,
				E12126112C27257500D14B3C /* PlaygroundSwiftUIUITestsLaunchTests.swift */,
			);
			path = PlaygroundSwiftUIUITests;
			sourceTree = "<group>";
		};
		E197A9E52C60A3200010C1D3 /* BoundingBox */ = {
			isa = PBXGroup;
			children = (
				E197A9E62C60A34D0010C1D3 /* BoundingBox.swift */,
				E197A9E82C60A3890010C1D3 /* EditFormType.swift */,
				E197A9EA2C60A3A60010C1D3 /* Components */,
			);
			path = BoundingBox;
			sourceTree = "<group>";
		};
		E197A9EA2C60A3A60010C1D3 /* Components */ = {
			isa = PBXGroup;
			children = (
				E197A9EF2C60A45C0010C1D3 /* EditPoint */,
				E197A9EB2C60A3E90010C1D3 /* EditPointsFramedRectangle.swift */,
				E197A9ED2C60A42B0010C1D3 /* MovingDashFramedRectangle.swift */,
			);
			path = Components;
			sourceTree = "<group>";
		};
		E197A9EF2C60A45C0010C1D3 /* EditPoint */ = {
			isa = PBXGroup;
			children = (
				E197A9F02C60A4870010C1D3 /* EditPoint.swift */,
				E197A9F22C60A49F0010C1D3 /* EditPointMark.swift */,
				E197A9F42C60A4B20010C1D3 /* Entity */,
			);
			path = EditPoint;
			sourceTree = "<group>";
		};
		E197A9F42C60A4B20010C1D3 /* Entity */ = {
			isa = PBXGroup;
			children = (
				E197A9F52C60A4C70010C1D3 /* EditPointFrame.swift */,
				E197A9F72C60A4DF0010C1D3 /* EditPointPosition.swift */,
				E197A9F92C60A4F90010C1D3 /* EditPointScaling.swift */,
			);
			path = Entity;
			sourceTree = "<group>";
		};
		E197A9FB2C60A5490010C1D3 /* Extensions */ = {
			isa = PBXGroup;
			children = (
				E197A9FC2C60A5670010C1D3 /* View+Extension.swift */,
			);
			path = Extensions;
			sourceTree = "<group>";
		};
		E1F430122C27261000ECB73E /* Utils */ = {
			isa = PBXGroup;
			children = (
				E1F430132C27261F00ECB73E /* NavigationUtil.swift */,
			);
			path = Utils;
			sourceTree = "<group>";
		};
		E1F430152C2726EF00ECB73E /* Views */ = {
			isa = PBXGroup;
			children = (
				E16F0D112C3E5C66006478C2 /* BookShapeTestView.swift */,
				E197A9E52C60A3200010C1D3 /* BoundingBox */,
				E197A9E32C6081AC0010C1D3 /* BoundingBoxTestView.swift */,
				E155A3272C3FB10400CA42F1 /* CustomTextTestView.swift */,
				E1F430162C27271400ECB73E /* MatchedGeometryEffectTestView.swift */,
			);
			path = Views;
			sourceTree = "<group>";
		};
/* End PBXGroup section */

/* Begin PBXNativeTarget section */
		E12125F02C27257400D14B3C /* PlaygroundSwiftUI */ = {
			isa = PBXNativeTarget;
			buildConfigurationList = E12126152C27257500D14B3C /* Build configuration list for PBXNativeTarget "PlaygroundSwiftUI" */;
			buildPhases = (
				E12125ED2C27257400D14B3C /* Sources */,
				E12125EE2C27257400D14B3C /* Frameworks */,
				E12125EF2C27257400D14B3C /* Resources */,
			);
			buildRules = (
			);
			dependencies = (
			);
			name = PlaygroundSwiftUI;
			productName = PlaygroundSwiftUI;
			productReference = E12125F12C27257400D14B3C /* PlaygroundSwiftUI.app */;
			productType = "com.apple.product-type.application";
		};
		E12126002C27257500D14B3C /* PlaygroundSwiftUITests */ = {
			isa = PBXNativeTarget;
			buildConfigurationList = E12126182C27257500D14B3C /* Build configuration list for PBXNativeTarget "PlaygroundSwiftUITests" */;
			buildPhases = (
				E12125FD2C27257500D14B3C /* Sources */,
				E12125FE2C27257500D14B3C /* Frameworks */,
				E12125FF2C27257500D14B3C /* Resources */,
			);
			buildRules = (
			);
			dependencies = (
				E12126032C27257500D14B3C /* PBXTargetDependency */,
			);
			name = PlaygroundSwiftUITests;
			productName = PlaygroundSwiftUITests;
			productReference = E12126012C27257500D14B3C /* PlaygroundSwiftUITests.xctest */;
			productType = "com.apple.product-type.bundle.unit-test";
		};
		E121260A2C27257500D14B3C /* PlaygroundSwiftUIUITests */ = {
			isa = PBXNativeTarget;
			buildConfigurationList = E121261B2C27257500D14B3C /* Build configuration list for PBXNativeTarget "PlaygroundSwiftUIUITests" */;
			buildPhases = (
				E12126072C27257500D14B3C /* Sources */,
				E12126082C27257500D14B3C /* Frameworks */,
				E12126092C27257500D14B3C /* Resources */,
			);
			buildRules = (
			);
			dependencies = (
				E121260D2C27257500D14B3C /* PBXTargetDependency */,
			);
			name = PlaygroundSwiftUIUITests;
			productName = PlaygroundSwiftUIUITests;
			productReference = E121260B2C27257500D14B3C /* PlaygroundSwiftUIUITests.xctest */;
			productType = "com.apple.product-type.bundle.ui-testing";
		};
/* End PBXNativeTarget section */

/* Begin PBXProject section */
		E12125E92C27257400D14B3C /* Project object */ = {
			isa = PBXProject;
			attributes = {
				BuildIndependentTargetsInParallel = 1;
				LastSwiftUpdateCheck = 1540;
				LastUpgradeCheck = 1540;
				TargetAttributes = {
					E12125F02C27257400D14B3C = {
						CreatedOnToolsVersion = 15.4;
					};
					E12126002C27257500D14B3C = {
						CreatedOnToolsVersion = 15.4;
						TestTargetID = E12125F02C27257400D14B3C;
					};
					E121260A2C27257500D14B3C = {
						CreatedOnToolsVersion = 15.4;
						TestTargetID = E12125F02C27257400D14B3C;
					};
				};
			};
			buildConfigurationList = E12125EC2C27257400D14B3C /* Build configuration list for PBXProject "PlaygroundSwiftUI" */;
			compatibilityVersion = "Xcode 14.0";
			developmentRegion = en;
			hasScannedForEncodings = 0;
			knownRegions = (
				en,
				Base,
			);
			mainGroup = E12125E82C27257400D14B3C;
			productRefGroup = E12125F22C27257400D14B3C /* Products */;
			projectDirPath = "";
			projectRoot = "";
			targets = (
				E12125F02C27257400D14B3C /* PlaygroundSwiftUI */,
				E12126002C27257500D14B3C /* PlaygroundSwiftUITests */,
				E121260A2C27257500D14B3C /* PlaygroundSwiftUIUITests */,
			);
		};
/* End PBXProject section */

/* Begin PBXResourcesBuildPhase section */
		E12125EF2C27257400D14B3C /* Resources */ = {
			isa = PBXResourcesBuildPhase;
			buildActionMask = 2147483647;
			files = (
				E12125FC2C27257500D14B3C /* Preview Assets.xcassets in Resources */,
				E12125F92C27257500D14B3C /* Assets.xcassets in Resources */,
			);
			runOnlyForDeploymentPostprocessing = 0;
		};
		E12125FF2C27257500D14B3C /* Resources */ = {
			isa = PBXResourcesBuildPhase;
			buildActionMask = 2147483647;
			files = (
			);
			runOnlyForDeploymentPostprocessing = 0;
		};
		E12126092C27257500D14B3C /* Resources */ = {
			isa = PBXResourcesBuildPhase;
			buildActionMask = 2147483647;
			files = (
			);
			runOnlyForDeploymentPostprocessing = 0;
		};
/* End PBXResourcesBuildPhase section */

/* Begin PBXSourcesBuildPhase section */
		E12125ED2C27257400D14B3C /* Sources */ = {
			isa = PBXSourcesBuildPhase;
			buildActionMask = 2147483647;
			files = (
				E197A9F82C60A4E00010C1D3 /* EditPointPosition.swift in Sources */,
				E155A3282C3FB10400CA42F1 /* CustomTextTestView.swift in Sources */,
				E197A9FA2C60A4F90010C1D3 /* EditPointScaling.swift in Sources */,
				E197A9FD2C60A5670010C1D3 /* View+Extension.swift in Sources */,
				E1F430172C27271400ECB73E /* MatchedGeometryEffectTestView.swift in Sources */,
				E12125F72C27257400D14B3C /* ContentView.swift in Sources */,
				E197A9E72C60A34D0010C1D3 /* BoundingBox.swift in Sources */,
				E197A9F62C60A4C70010C1D3 /* EditPointFrame.swift in Sources */,
				E197A9E92C60A3890010C1D3 /* EditFormType.swift in Sources */,
				E197A9F32C60A49F0010C1D3 /* EditPointMark.swift in Sources */,
				E197A9EC2C60A3E90010C1D3 /* EditPointsFramedRectangle.swift in Sources */,
				E197A9EE2C60A42B0010C1D3 /* MovingDashFramedRectangle.swift in Sources */,
				E16F0D122C3E5C66006478C2 /* BookShapeTestView.swift in Sources */,
				E12125F52C27257400D14B3C /* PlaygroundSwiftUIApp.swift in Sources */,
				E1F430142C27261F00ECB73E /* NavigationUtil.swift in Sources */,
				E197A9F12C60A4870010C1D3 /* EditPoint.swift in Sources */,
				E197A9E42C6081AC0010C1D3 /* BoundingBoxTestView.swift in Sources */,
			);
			runOnlyForDeploymentPostprocessing = 0;
		};
		E12125FD2C27257500D14B3C /* Sources */ = {
			isa = PBXSourcesBuildPhase;
			buildActionMask = 2147483647;
			files = (
				E12126062C27257500D14B3C /* PlaygroundSwiftUITests.swift in Sources */,
			);
			runOnlyForDeploymentPostprocessing = 0;
		};
		E12126072C27257500D14B3C /* Sources */ = {
			isa = PBXSourcesBuildPhase;
			buildActionMask = 2147483647;
			files = (
				E12126102C27257500D14B3C /* PlaygroundSwiftUIUITests.swift in Sources */,
				E12126122C27257500D14B3C /* PlaygroundSwiftUIUITestsLaunchTests.swift in Sources */,
			);
			runOnlyForDeploymentPostprocessing = 0;
		};
/* End PBXSourcesBuildPhase section */

/* Begin PBXTargetDependency section */
		E12126032C27257500D14B3C /* PBXTargetDependency */ = {
			isa = PBXTargetDependency;
			target = E12125F02C27257400D14B3C /* PlaygroundSwiftUI */;
			targetProxy = E12126022C27257500D14B3C /* PBXContainerItemProxy */;
		};
		E121260D2C27257500D14B3C /* PBXTargetDependency */ = {
			isa = PBXTargetDependency;
			target = E12125F02C27257400D14B3C /* PlaygroundSwiftUI */;
			targetProxy = E121260C2C27257500D14B3C /* PBXContainerItemProxy */;
		};
/* End PBXTargetDependency section */

/* Begin XCBuildConfiguration section */
		E12126132C27257500D14B3C /* Debug */ = {
			isa = XCBuildConfiguration;
			buildSettings = {
				ALWAYS_SEARCH_USER_PATHS = NO;
				ASSETCATALOG_COMPILER_GENERATE_SWIFT_ASSET_SYMBOL_EXTENSIONS = YES;
				CLANG_ANALYZER_NONNULL = YES;
				CLANG_ANALYZER_NUMBER_OBJECT_CONVERSION = YES_AGGRESSIVE;
				CLANG_CXX_LANGUAGE_STANDARD = "gnu++20";
				CLANG_ENABLE_MODULES = YES;
				CLANG_ENABLE_OBJC_ARC = YES;
				CLANG_ENABLE_OBJC_WEAK = YES;
				CLANG_WARN_BLOCK_CAPTURE_AUTORELEASING = YES;
				CLANG_WARN_BOOL_CONVERSION = YES;
				CLANG_WARN_COMMA = YES;
				CLANG_WARN_CONSTANT_CONVERSION = YES;
				CLANG_WARN_DEPRECATED_OBJC_IMPLEMENTATIONS = YES;
				CLANG_WARN_DIRECT_OBJC_ISA_USAGE = YES_ERROR;
				CLANG_WARN_DOCUMENTATION_COMMENTS = YES;
				CLANG_WARN_EMPTY_BODY = YES;
				CLANG_WARN_ENUM_CONVERSION = YES;
				CLANG_WARN_INFINITE_RECURSION = YES;
				CLANG_WARN_INT_CONVERSION = YES;
				CLANG_WARN_NON_LITERAL_NULL_CONVERSION = YES;
				CLANG_WARN_OBJC_IMPLICIT_RETAIN_SELF = YES;
				CLANG_WARN_OBJC_LITERAL_CONVERSION = YES;
				CLANG_WARN_OBJC_ROOT_CLASS = YES_ERROR;
				CLANG_WARN_QUOTED_INCLUDE_IN_FRAMEWORK_HEADER = YES;
				CLANG_WARN_RANGE_LOOP_ANALYSIS = YES;
				CLANG_WARN_STRICT_PROTOTYPES = YES;
				CLANG_WARN_SUSPICIOUS_MOVE = YES;
				CLANG_WARN_UNGUARDED_AVAILABILITY = YES_AGGRESSIVE;
				CLANG_WARN_UNREACHABLE_CODE = YES;
				CLANG_WARN__DUPLICATE_METHOD_MATCH = YES;
				COPY_PHASE_STRIP = NO;
				DEBUG_INFORMATION_FORMAT = dwarf;
				ENABLE_STRICT_OBJC_MSGSEND = YES;
				ENABLE_TESTABILITY = YES;
				ENABLE_USER_SCRIPT_SANDBOXING = YES;
				GCC_C_LANGUAGE_STANDARD = gnu17;
				GCC_DYNAMIC_NO_PIC = NO;
				GCC_NO_COMMON_BLOCKS = YES;
				GCC_OPTIMIZATION_LEVEL = 0;
				GCC_PREPROCESSOR_DEFINITIONS = (
					"DEBUG=1",
					"$(inherited)",
				);
				GCC_WARN_64_TO_32_BIT_CONVERSION = YES;
				GCC_WARN_ABOUT_RETURN_TYPE = YES_ERROR;
				GCC_WARN_UNDECLARED_SELECTOR = YES;
				GCC_WARN_UNINITIALIZED_AUTOS = YES_AGGRESSIVE;
				GCC_WARN_UNUSED_FUNCTION = YES;
				GCC_WARN_UNUSED_VARIABLE = YES;
				IPHONEOS_DEPLOYMENT_TARGET = 17.5;
				LOCALIZATION_PREFERS_STRING_CATALOGS = YES;
				MTL_ENABLE_DEBUG_INFO = INCLUDE_SOURCE;
				MTL_FAST_MATH = YES;
				ONLY_ACTIVE_ARCH = YES;
				SDKROOT = iphoneos;
				SWIFT_ACTIVE_COMPILATION_CONDITIONS = "DEBUG $(inherited)";
				SWIFT_OPTIMIZATION_LEVEL = "-Onone";
			};
			name = Debug;
		};
		E12126142C27257500D14B3C /* Release */ = {
			isa = XCBuildConfiguration;
			buildSettings = {
				ALWAYS_SEARCH_USER_PATHS = NO;
				ASSETCATALOG_COMPILER_GENERATE_SWIFT_ASSET_SYMBOL_EXTENSIONS = YES;
				CLANG_ANALYZER_NONNULL = YES;
				CLANG_ANALYZER_NUMBER_OBJECT_CONVERSION = YES_AGGRESSIVE;
				CLANG_CXX_LANGUAGE_STANDARD = "gnu++20";
				CLANG_ENABLE_MODULES = YES;
				CLANG_ENABLE_OBJC_ARC = YES;
				CLANG_ENABLE_OBJC_WEAK = YES;
				CLANG_WARN_BLOCK_CAPTURE_AUTORELEASING = YES;
				CLANG_WARN_BOOL_CONVERSION = YES;
				CLANG_WARN_COMMA = YES;
				CLANG_WARN_CONSTANT_CONVERSION = YES;
				CLANG_WARN_DEPRECATED_OBJC_IMPLEMENTATIONS = YES;
				CLANG_WARN_DIRECT_OBJC_ISA_USAGE = YES_ERROR;
				CLANG_WARN_DOCUMENTATION_COMMENTS = YES;
				CLANG_WARN_EMPTY_BODY = YES;
				CLANG_WARN_ENUM_CONVERSION = YES;
				CLANG_WARN_INFINITE_RECURSION = YES;
				CLANG_WARN_INT_CONVERSION = YES;
				CLANG_WARN_NON_LITERAL_NULL_CONVERSION = YES;
				CLANG_WARN_OBJC_IMPLICIT_RETAIN_SELF = YES;
				CLANG_WARN_OBJC_LITERAL_CONVERSION = YES;
				CLANG_WARN_OBJC_ROOT_CLASS = YES_ERROR;
				CLANG_WARN_QUOTED_INCLUDE_IN_FRAMEWORK_HEADER = YES;
				CLANG_WARN_RANGE_LOOP_ANALYSIS = YES;
				CLANG_WARN_STRICT_PROTOTYPES = YES;
				CLANG_WARN_SUSPICIOUS_MOVE = YES;
				CLANG_WARN_UNGUARDED_AVAILABILITY = YES_AGGRESSIVE;
				CLANG_WARN_UNREACHABLE_CODE = YES;
				CLANG_WARN__DUPLICATE_METHOD_MATCH = YES;
				COPY_PHASE_STRIP = NO;
				DEBUG_INFORMATION_FORMAT = "dwarf-with-dsym";
				ENABLE_NS_ASSERTIONS = NO;
				ENABLE_STRICT_OBJC_MSGSEND = YES;
				ENABLE_USER_SCRIPT_SANDBOXING = YES;
				GCC_C_LANGUAGE_STANDARD = gnu17;
				GCC_NO_COMMON_BLOCKS = YES;
				GCC_WARN_64_TO_32_BIT_CONVERSION = YES;
				GCC_WARN_ABOUT_RETURN_TYPE = YES_ERROR;
				GCC_WARN_UNDECLARED_SELECTOR = YES;
				GCC_WARN_UNINITIALIZED_AUTOS = YES_AGGRESSIVE;
				GCC_WARN_UNUSED_FUNCTION = YES;
				GCC_WARN_UNUSED_VARIABLE = YES;
				IPHONEOS_DEPLOYMENT_TARGET = 17.5;
				LOCALIZATION_PREFERS_STRING_CATALOGS = YES;
				MTL_ENABLE_DEBUG_INFO = NO;
				MTL_FAST_MATH = YES;
				SDKROOT = iphoneos;
				SWIFT_COMPILATION_MODE = wholemodule;
				VALIDATE_PRODUCT = YES;
			};
			name = Release;
		};
		E12126162C27257500D14B3C /* Debug */ = {
			isa = XCBuildConfiguration;
			buildSettings = {
				ASSETCATALOG_COMPILER_APPICON_NAME = AppIcon;
				ASSETCATALOG_COMPILER_GLOBAL_ACCENT_COLOR_NAME = AccentColor;
				CODE_SIGN_STYLE = Automatic;
				CURRENT_PROJECT_VERSION = 1;
				DEVELOPMENT_ASSET_PATHS = "\"PlaygroundSwiftUI/Preview Content\"";
				DEVELOPMENT_TEAM = 52FPZ2M6AZ;
				ENABLE_PREVIEWS = YES;
				GENERATE_INFOPLIST_FILE = YES;
				INFOPLIST_KEY_UIApplicationSceneManifest_Generation = YES;
				INFOPLIST_KEY_UIApplicationSupportsIndirectInputEvents = YES;
				INFOPLIST_KEY_UILaunchScreen_Generation = YES;
				INFOPLIST_KEY_UISupportedInterfaceOrientations_iPad = "UIInterfaceOrientationPortrait UIInterfaceOrientationPortraitUpsideDown UIInterfaceOrientationLandscapeLeft UIInterfaceOrientationLandscapeRight";
				INFOPLIST_KEY_UISupportedInterfaceOrientations_iPhone = "UIInterfaceOrientationPortrait UIInterfaceOrientationLandscapeLeft UIInterfaceOrientationLandscapeRight";
				IPHONEOS_DEPLOYMENT_TARGET = 16.0;
				LD_RUNPATH_SEARCH_PATHS = (
					"$(inherited)",
					"@executable_path/Frameworks",
				);
				MARKETING_VERSION = 1.0;
				PRODUCT_BUNDLE_IDENTIFIER = com.takumi.sakai.PlaygroundSwiftUI;
				PRODUCT_NAME = "$(TARGET_NAME)";
				SWIFT_EMIT_LOC_STRINGS = YES;
				SWIFT_VERSION = 5.0;
				TARGETED_DEVICE_FAMILY = "1,2";
			};
			name = Debug;
		};
		E12126172C27257500D14B3C /* Release */ = {
			isa = XCBuildConfiguration;
			buildSettings = {
				ASSETCATALOG_COMPILER_APPICON_NAME = AppIcon;
				ASSETCATALOG_COMPILER_GLOBAL_ACCENT_COLOR_NAME = AccentColor;
				CODE_SIGN_STYLE = Automatic;
				CURRENT_PROJECT_VERSION = 1;
				DEVELOPMENT_ASSET_PATHS = "\"PlaygroundSwiftUI/Preview Content\"";
				DEVELOPMENT_TEAM = 52FPZ2M6AZ;
				ENABLE_PREVIEWS = YES;
				GENERATE_INFOPLIST_FILE = YES;
				INFOPLIST_KEY_UIApplicationSceneManifest_Generation = YES;
				INFOPLIST_KEY_UIApplicationSupportsIndirectInputEvents = YES;
				INFOPLIST_KEY_UILaunchScreen_Generation = YES;
				INFOPLIST_KEY_UISupportedInterfaceOrientations_iPad = "UIInterfaceOrientationPortrait UIInterfaceOrientationPortraitUpsideDown UIInterfaceOrientationLandscapeLeft UIInterfaceOrientationLandscapeRight";
				INFOPLIST_KEY_UISupportedInterfaceOrientations_iPhone = "UIInterfaceOrientationPortrait UIInterfaceOrientationLandscapeLeft UIInterfaceOrientationLandscapeRight";
				IPHONEOS_DEPLOYMENT_TARGET = 16.0;
				LD_RUNPATH_SEARCH_PATHS = (
					"$(inherited)",
					"@executable_path/Frameworks",
				);
				MARKETING_VERSION = 1.0;
				PRODUCT_BUNDLE_IDENTIFIER = com.takumi.sakai.PlaygroundSwiftUI;
				PRODUCT_NAME = "$(TARGET_NAME)";
				SWIFT_EMIT_LOC_STRINGS = YES;
				SWIFT_VERSION = 5.0;
				TARGETED_DEVICE_FAMILY = "1,2";
			};
			name = Release;
		};
		E12126192C27257500D14B3C /* Debug */ = {
			isa = XCBuildConfiguration;
			buildSettings = {
				ALWAYS_EMBED_SWIFT_STANDARD_LIBRARIES = YES;
				BUNDLE_LOADER = "$(TEST_HOST)";
				CODE_SIGN_STYLE = Automatic;
				CURRENT_PROJECT_VERSION = 1;
				DEVELOPMENT_TEAM = 52FPZ2M6AZ;
				GENERATE_INFOPLIST_FILE = YES;
				IPHONEOS_DEPLOYMENT_TARGET = 17.5;
				MARKETING_VERSION = 1.0;
				PRODUCT_BUNDLE_IDENTIFIER = takumi.sakai.PlaygroundSwiftUITests;
				PRODUCT_NAME = "$(TARGET_NAME)";
				SWIFT_EMIT_LOC_STRINGS = NO;
				SWIFT_VERSION = 5.0;
				TARGETED_DEVICE_FAMILY = "1,2";
				TEST_HOST = "$(BUILT_PRODUCTS_DIR)/PlaygroundSwiftUI.app/$(BUNDLE_EXECUTABLE_FOLDER_PATH)/PlaygroundSwiftUI";
			};
			name = Debug;
		};
		E121261A2C27257500D14B3C /* Release */ = {
			isa = XCBuildConfiguration;
			buildSettings = {
				ALWAYS_EMBED_SWIFT_STANDARD_LIBRARIES = YES;
				BUNDLE_LOADER = "$(TEST_HOST)";
				CODE_SIGN_STYLE = Automatic;
				CURRENT_PROJECT_VERSION = 1;
				DEVELOPMENT_TEAM = 52FPZ2M6AZ;
				GENERATE_INFOPLIST_FILE = YES;
				IPHONEOS_DEPLOYMENT_TARGET = 17.5;
				MARKETING_VERSION = 1.0;
				PRODUCT_BUNDLE_IDENTIFIER = takumi.sakai.PlaygroundSwiftUITests;
				PRODUCT_NAME = "$(TARGET_NAME)";
				SWIFT_EMIT_LOC_STRINGS = NO;
				SWIFT_VERSION = 5.0;
				TARGETED_DEVICE_FAMILY = "1,2";
				TEST_HOST = "$(BUILT_PRODUCTS_DIR)/PlaygroundSwiftUI.app/$(BUNDLE_EXECUTABLE_FOLDER_PATH)/PlaygroundSwiftUI";
			};
			name = Release;
		};
		E121261C2C27257500D14B3C /* Debug */ = {
			isa = XCBuildConfiguration;
			buildSettings = {
				ALWAYS_EMBED_SWIFT_STANDARD_LIBRARIES = YES;
				CODE_SIGN_STYLE = Automatic;
				CURRENT_PROJECT_VERSION = 1;
				DEVELOPMENT_TEAM = 52FPZ2M6AZ;
				GENERATE_INFOPLIST_FILE = YES;
				MARKETING_VERSION = 1.0;
				PRODUCT_BUNDLE_IDENTIFIER = takumi.sakai.PlaygroundSwiftUIUITests;
				PRODUCT_NAME = "$(TARGET_NAME)";
				SWIFT_EMIT_LOC_STRINGS = NO;
				SWIFT_VERSION = 5.0;
				TARGETED_DEVICE_FAMILY = "1,2";
				TEST_TARGET_NAME = PlaygroundSwiftUI;
			};
			name = Debug;
		};
		E121261D2C27257500D14B3C /* Release */ = {
			isa = XCBuildConfiguration;
			buildSettings = {
				ALWAYS_EMBED_SWIFT_STANDARD_LIBRARIES = YES;
				CODE_SIGN_STYLE = Automatic;
				CURRENT_PROJECT_VERSION = 1;
				DEVELOPMENT_TEAM = 52FPZ2M6AZ;
				GENERATE_INFOPLIST_FILE = YES;
				MARKETING_VERSION = 1.0;
				PRODUCT_BUNDLE_IDENTIFIER = takumi.sakai.PlaygroundSwiftUIUITests;
				PRODUCT_NAME = "$(TARGET_NAME)";
				SWIFT_EMIT_LOC_STRINGS = NO;
				SWIFT_VERSION = 5.0;
				TARGETED_DEVICE_FAMILY = "1,2";
				TEST_TARGET_NAME = PlaygroundSwiftUI;
			};
			name = Release;
		};
/* End XCBuildConfiguration section */

/* Begin XCConfigurationList section */
		E12125EC2C27257400D14B3C /* Build configuration list for PBXProject "PlaygroundSwiftUI" */ = {
			isa = XCConfigurationList;
			buildConfigurations = (
				E12126132C27257500D14B3C /* Debug */,
				E12126142C27257500D14B3C /* Release */,
			);
			defaultConfigurationIsVisible = 0;
			defaultConfigurationName = Release;
		};
		E12126152C27257500D14B3C /* Build configuration list for PBXNativeTarget "PlaygroundSwiftUI" */ = {
			isa = XCConfigurationList;
			buildConfigurations = (
				E12126162C27257500D14B3C /* Debug */,
				E12126172C27257500D14B3C /* Release */,
			);
			defaultConfigurationIsVisible = 0;
			defaultConfigurationName = Release;
		};
		E12126182C27257500D14B3C /* Build configuration list for PBXNativeTarget "PlaygroundSwiftUITests" */ = {
			isa = XCConfigurationList;
			buildConfigurations = (
				E12126192C27257500D14B3C /* Debug */,
				E121261A2C27257500D14B3C /* Release */,
			);
			defaultConfigurationIsVisible = 0;
			defaultConfigurationName = Release;
		};
		E121261B2C27257500D14B3C /* Build configuration list for PBXNativeTarget "PlaygroundSwiftUIUITests" */ = {
			isa = XCConfigurationList;
			buildConfigurations = (
				E121261C2C27257500D14B3C /* Debug */,
				E121261D2C27257500D14B3C /* Release */,
			);
			defaultConfigurationIsVisible = 0;
			defaultConfigurationName = Release;
		};
/* End XCConfigurationList section */
	};
	rootObject = E12125E92C27257400D14B3C /* Project object */;
}
